
Microsoft Visual Studio Solution File, Format Version 12.00
# Visual Studio Version 17
VisualStudioVersion = 17.11.35303.130
MinimumVisualStudioVersion = 10.0.40219.1
Project("{9A19103F-16F7-4668-BE54-9A1E7A4F7556}") = "NET_TEST_BASE", "NET_TEST_BASE\NET_TEST_BASE.csproj", "{71E547A3-B704-46EB-8ACB-3FFD943A0388}"
EndProject
Project("{E53339B2-1760-4266-BCC7-CA923CBCF16C}") = "docker-compose", "docker-compose.dcproj", "{ACCCBD32-5DB4-4BC5-A9BA-EB71D7358E35}"
EndProject
Project("{9A19103F-16F7-4668-BE54-9A1E7A4F7556}") = "DataAccesLayer", "DataAccesLayer\DataAccesLayer.csproj", "{F7623C7B-EC23-4C34-8C0F-F09B8C1C10C8}"
EndProject
Project("{9A19103F-16F7-4668-BE54-9A1E7A4F7556}") = "NET_TEST_BASE_MS_STAKEHOLDERS", "NET_TEST_BASE_MS_STAKEHOLDERS\NET_TEST_BASE_MS_STAKEHOLDERS.csproj", "{D3C63C2B-7B86-4A3F-9C11-0335E58360D5}"
EndProject
Project("{FAE04EC0-301F-11D3-BF4B-00C04F79EFBC}") = "NET_TEST_BASE_WCF", "NET_TEST_BASE_WCF\NET_TEST_BASE_WCF.csproj", "{3A5F0817-C85A-402E-BC04-80F6E9F316EE}"
EndProject
Global
	GlobalSection(SolutionConfigurationPlatforms) = preSolution
		Debug|Any CPU = Debug|Any CPU
		Release|Any CPU = Release|Any CPU
	EndGlobalSection
	GlobalSection(ProjectConfigurationPlatforms) = postSolution
		{71E547A3-B704-46EB-8ACB-3FFD943A0388}.Debug|Any CPU.ActiveCfg = Debug|Any CPU
		{71E547A3-B704-46EB-8ACB-3FFD943A0388}.Debug|Any CPU.Build.0 = Debug|Any CPU
		{71E547A3-B704-46EB-8ACB-3FFD943A0388}.Release|Any CPU.ActiveCfg = Release|Any CPU
		{71E547A3-B704-46EB-8ACB-3FFD943A0388}.Release|Any CPU.Build.0 = Release|Any CPU
		{ACCCBD32-5DB4-4BC5-A9BA-EB71D7358E35}.Debug|Any CPU.ActiveCfg = Debug|Any CPU
		{ACCCBD32-5DB4-4BC5-A9BA-EB71D7358E35}.Debug|Any CPU.Build.0 = Debug|Any CPU
		{ACCCBD32-5DB4-4BC5-A9BA-EB71D7358E35}.Release|Any CPU.ActiveCfg = Release|Any CPU
		{ACCCBD32-5DB4-4BC5-A9BA-EB71D7358E35}.Release|Any CPU.Build.0 = Release|Any CPU
		{F7623C7B-EC23-4C34-8C0F-F09B8C1C10C8}.Debug|Any CPU.ActiveCfg = Debug|Any CPU
		{F7623C7B-EC23-4C34-8C0F-F09B8C1C10C8}.Debug|Any CPU.Build.0 = Debug|Any CPU
		{F7623C7B-EC23-4C34-8C0F-F09B8C1C10C8}.Release|Any CPU.ActiveCfg = Release|Any CPU
		{F7623C7B-EC23-4C34-8C0F-F09B8C1C10C8}.Release|Any CPU.Build.0 = Release|Any CPU
		{D3C63C2B-7B86-4A3F-9C11-0335E58360D5}.Debug|Any CPU.ActiveCfg = Debug|Any CPU
		{D3C63C2B-7B86-4A3F-9C11-0335E58360D5}.Debug|Any CPU.Build.0 = Debug|Any CPU
		{D3C63C2B-7B86-4A3F-9C11-0335E58360D5}.Release|Any CPU.ActiveCfg = Release|Any CPU
		{D3C63C2B-7B86-4A3F-9C11-0335E58360D5}.Release|Any CPU.Build.0 = Release|Any CPU
		{3A5F0817-C85A-402E-BC04-80F6E9F316EE}.Debug|Any CPU.ActiveCfg = Debug|Any CPU
		{3A5F0817-C85A-402E-BC04-80F6E9F316EE}.Debug|Any CPU.Build.0 = Debug|Any CPU
		{3A5F0817-C85A-402E-BC04-80F6E9F316EE}.Release|Any CPU.ActiveCfg = Release|Any CPU
		{3A5F0817-C85A-402E-BC04-80F6E9F316EE}.Release|Any CPU.Build.0 = Release|Any CPU
	EndGlobalSection
	GlobalSection(SolutionProperties) = preSolution
		HideSolutionNode = FALSE
	EndGlobalSection
	GlobalSection(ExtensibilityGlobals) = postSolution
		SolutionGuid = {B536D673-2618-4487-9BFC-0F69EAA2D84C}
	EndGlobalSection
EndGlobal
